
Microsoft Visual Studio Solution File, Format Version 12.00
# Visual Studio Version 17
VisualStudioVersion = 17.4.33403.182
MinimumVisualStudioVersion = 10.0.40219.1
Project("{9A19103F-16F7-4668-BE54-9A1E7A4F7556}") = "ApiTest", "ApiTest\ApiTest.csproj", "{D1A30F82-859D-41BF-9F0C-0E469835D885}"
EndProject
Project("{FAE04EC0-301F-11D3-BF4B-00C04F79EFBC}") = "Test", "Test\Test.csproj", "{598F4E5A-EBA2-4B1F-899C-B219E46E4AA6}"
EndProject
Global
	GlobalSection(SolutionConfigurationPlatforms) = preSolution
		Debug|Any CPU = Debug|Any CPU
		Release|Any CPU = Release|Any CPU
	EndGlobalSection
	GlobalSection(ProjectConfigurationPlatforms) = postSolution
		{D1A30F82-859D-41BF-9F0C-0E469835D885}.Debug|Any CPU.ActiveCfg = Debug|Any CPU
		{D1A30F82-859D-41BF-9F0C-0E469835D885}.Debug|Any CPU.Build.0 = Debug|Any CPU
		{D1A30F82-859D-41BF-9F0C-0E469835D885}.Release|Any CPU.ActiveCfg = Release|Any CPU
		{D1A30F82-859D-41BF-9F0C-0E469835D885}.Release|Any CPU.Build.0 = Release|Any CPU
		{598F4E5A-EBA2-4B1F-899C-B219E46E4AA6}.Debug|Any CPU.ActiveCfg = Debug|Any CPU
		{598F4E5A-EBA2-4B1F-899C-B219E46E4AA6}.Debug|Any CPU.Build.0 = Debug|Any CPU
		{598F4E5A-EBA2-4B1F-899C-B219E46E4AA6}.Release|Any CPU.ActiveCfg = Release|Any CPU
		{598F4E5A-EBA2-4B1F-899C-B219E46E4AA6}.Release|Any CPU.Build.0 = Release|Any CPU
	EndGlobalSection
	GlobalSection(SolutionProperties) = preSolution
		HideSolutionNode = FALSE
	EndGlobalSection
	GlobalSection(ExtensibilityGlobals) = postSolution
		SolutionGuid = {7AD48C2C-C9DE-45F0-B1C2-D68647440AD4}
	EndGlobalSection
EndGlobal
